
Microsoft Visual Studio Solution File, Format Version 12.00
# Visual Studio Version 16
VisualStudioVersion = 16.0.30011.22
MinimumVisualStudioVersion = 10.0.40219.1
Project("{9A19103F-16F7-4668-BE54-9A1E7A4F7556}") = "BaiTap1", "BaiTap1\BaiTap1.csproj", "{5A407411-C8B1-4C0E-B61E-F7FFEA1E4688}"
EndProject
Project("{9A19103F-16F7-4668-BE54-9A1E7A4F7556}") = "BaiTap2", "BaiTap2\BaiTap2.csproj", "{C053D7AF-C501-45A7-9129-24C05A0CE136}"
EndProject
Project("{9A19103F-16F7-4668-BE54-9A1E7A4F7556}") = "BaiTap3", "BaiTap3\BaiTap3.csproj", "{78986817-5684-4FF1-B518-6DD7B6A0072E}"
EndProject
Project("{9A19103F-16F7-4668-BE54-9A1E7A4F7556}") = "test", "test\test.csproj", "{B785CDC8-D870-4ACF-A7CE-D9A658D3D64F}"
EndProject
Project("{9A19103F-16F7-4668-BE54-9A1E7A4F7556}") = "TinhTongCanBac3", "TinhTongCanBac3\TinhTongCanBac3.csproj", "{73FF016C-8F43-4829-8F12-FD668AA64409}"
EndProject
Project("{9A19103F-16F7-4668-BE54-9A1E7A4F7556}") = "inUocSo", "inUocSo\inUocSo.csproj", "{BF34EC12-8551-4AB3-B3B0-2E570DA9DDF6}"
EndProject
Project("{FAE04EC0-301F-11D3-BF4B-00C04F79EFBC}") = "tamGiacCan", "tamGiacCan\tamGiacCan.csproj", "{92B20A4F-BD1C-45EA-9E33-EC9E487D0C9F}"
EndProject
Project("{FAE04EC0-301F-11D3-BF4B-00C04F79EFBC}") = "tongNgichDao", "tongNgichDao\tongNgichDao.csproj", "{008C87E6-930B-41C7-91A9-97E6DB93F9CC}"
EndProject
Project("{FAE04EC0-301F-11D3-BF4B-00C04F79EFBC}") = "sumBinhPhuong", "sumBinhPhuong\sumBinhPhuong.csproj", "{5883E33C-094B-424B-B30F-16A3FBA651F9}"
EndProject
Project("{FAE04EC0-301F-11D3-BF4B-00C04F79EFBC}") = "maxMin", "maxMin\maxMin.csproj", "{705B8E49-F934-41F9-AC02-7CB70B312AF4}"
EndProject
Global
	GlobalSection(SolutionConfigurationPlatforms) = preSolution
		Debug|Any CPU = Debug|Any CPU
		Release|Any CPU = Release|Any CPU
	EndGlobalSection
	GlobalSection(ProjectConfigurationPlatforms) = postSolution
		{5A407411-C8B1-4C0E-B61E-F7FFEA1E4688}.Debug|Any CPU.ActiveCfg = Debug|Any CPU
		{5A407411-C8B1-4C0E-B61E-F7FFEA1E4688}.Debug|Any CPU.Build.0 = Debug|Any CPU
		{5A407411-C8B1-4C0E-B61E-F7FFEA1E4688}.Release|Any CPU.ActiveCfg = Release|Any CPU
		{5A407411-C8B1-4C0E-B61E-F7FFEA1E4688}.Release|Any CPU.Build.0 = Release|Any CPU
		{C053D7AF-C501-45A7-9129-24C05A0CE136}.Debug|Any CPU.ActiveCfg = Debug|Any CPU
		{C053D7AF-C501-45A7-9129-24C05A0CE136}.Debug|Any CPU.Build.0 = Debug|Any CPU
		{C053D7AF-C501-45A7-9129-24C05A0CE136}.Release|Any CPU.ActiveCfg = Release|Any CPU
		{C053D7AF-C501-45A7-9129-24C05A0CE136}.Release|Any CPU.Build.0 = Release|Any CPU
		{78986817-5684-4FF1-B518-6DD7B6A0072E}.Debug|Any CPU.ActiveCfg = Debug|Any CPU
		{78986817-5684-4FF1-B518-6DD7B6A0072E}.Debug|Any CPU.Build.0 = Debug|Any CPU
		{78986817-5684-4FF1-B518-6DD7B6A0072E}.Release|Any CPU.ActiveCfg = Release|Any CPU
		{78986817-5684-4FF1-B518-6DD7B6A0072E}.Release|Any CPU.Build.0 = Release|Any CPU
		{B785CDC8-D870-4ACF-A7CE-D9A658D3D64F}.Debug|Any CPU.ActiveCfg = Debug|Any CPU
		{B785CDC8-D870-4ACF-A7CE-D9A658D3D64F}.Debug|Any CPU.Build.0 = Debug|Any CPU
		{B785CDC8-D870-4ACF-A7CE-D9A658D3D64F}.Release|Any CPU.ActiveCfg = Release|Any CPU
		{B785CDC8-D870-4ACF-A7CE-D9A658D3D64F}.Release|Any CPU.Build.0 = Release|Any CPU
		{73FF016C-8F43-4829-8F12-FD668AA64409}.Debug|Any CPU.ActiveCfg = Debug|Any CPU
		{73FF016C-8F43-4829-8F12-FD668AA64409}.Debug|Any CPU.Build.0 = Debug|Any CPU
		{73FF016C-8F43-4829-8F12-FD668AA64409}.Release|Any CPU.ActiveCfg = Release|Any CPU
		{73FF016C-8F43-4829-8F12-FD668AA64409}.Release|Any CPU.Build.0 = Release|Any CPU
		{BF34EC12-8551-4AB3-B3B0-2E570DA9DDF6}.Debug|Any CPU.ActiveCfg = Debug|Any CPU
		{BF34EC12-8551-4AB3-B3B0-2E570DA9DDF6}.Debug|Any CPU.Build.0 = Debug|Any CPU
		{BF34EC12-8551-4AB3-B3B0-2E570DA9DDF6}.Release|Any CPU.ActiveCfg = Release|Any CPU
		{BF34EC12-8551-4AB3-B3B0-2E570DA9DDF6}.Release|Any CPU.Build.0 = Release|Any CPU
		{92B20A4F-BD1C-45EA-9E33-EC9E487D0C9F}.Debug|Any CPU.ActiveCfg = Debug|Any CPU
		{92B20A4F-BD1C-45EA-9E33-EC9E487D0C9F}.Debug|Any CPU.Build.0 = Debug|Any CPU
		{92B20A4F-BD1C-45EA-9E33-EC9E487D0C9F}.Release|Any CPU.ActiveCfg = Release|Any CPU
		{92B20A4F-BD1C-45EA-9E33-EC9E487D0C9F}.Release|Any CPU.Build.0 = Release|Any CPU
		{008C87E6-930B-41C7-91A9-97E6DB93F9CC}.Debug|Any CPU.ActiveCfg = Debug|Any CPU
		{008C87E6-930B-41C7-91A9-97E6DB93F9CC}.Debug|Any CPU.Build.0 = Debug|Any CPU
		{008C87E6-930B-41C7-91A9-97E6DB93F9CC}.Release|Any CPU.ActiveCfg = Release|Any CPU
		{008C87E6-930B-41C7-91A9-97E6DB93F9CC}.Release|Any CPU.Build.0 = Release|Any CPU
		{5883E33C-094B-424B-B30F-16A3FBA651F9}.Debug|Any CPU.ActiveCfg = Debug|Any CPU
		{5883E33C-094B-424B-B30F-16A3FBA651F9}.Debug|Any CPU.Build.0 = Debug|Any CPU
		{5883E33C-094B-424B-B30F-16A3FBA651F9}.Release|Any CPU.ActiveCfg = Release|Any CPU
		{5883E33C-094B-424B-B30F-16A3FBA651F9}.Release|Any CPU.Build.0 = Release|Any CPU
		{705B8E49-F934-41F9-AC02-7CB70B312AF4}.Debug|Any CPU.ActiveCfg = Debug|Any CPU
		{705B8E49-F934-41F9-AC02-7CB70B312AF4}.Debug|Any CPU.Build.0 = Debug|Any CPU
		{705B8E49-F934-41F9-AC02-7CB70B312AF4}.Release|Any CPU.ActiveCfg = Release|Any CPU
		{705B8E49-F934-41F9-AC02-7CB70B312AF4}.Release|Any CPU.Build.0 = Release|Any CPU
	EndGlobalSection
	GlobalSection(SolutionProperties) = preSolution
		HideSolutionNode = FALSE
	EndGlobalSection
	GlobalSection(ExtensibilityGlobals) = postSolution
		SolutionGuid = {8F7E18CD-67E8-4AE1-8985-A60351CD18CC}
	EndGlobalSection
EndGlobal
